lockfileVersion: '9.0'

settings:
  autoInstallPeers: true
  excludeLinksFromLockfile: false

overrides:
  lodash@<=4.17.23: '>=4.18.0'
  lodash@>=4.0.0 <=4.17.22: '>=4.17.23'
  lodash@>=4.0.0 <=4.17.23: '>=4.18.0'
  pnpm@<10.26.0: '>=10.26.0'
  pnpm@<10.28.1: '>=10.28.1'
  pnpm@<10.28.2: '>=10.28.2'
  pnpm@>=10.0.0 <10.26.0: '>=10.26.0'
  pnpm@>=6.25.0 <10.27.0: '>=10.27.0'
  undici@<6.23.0: '>=6.23.0'
  undici@<6.24.0: '>=6.24.0'
  undici@>=6.0.0 <6.24.0: '>=6.24.0'
  uuid@<14.0.0: '>=14.0.0'

importers:

  .:
    dependencies:
      '@discordjs/collection':
        specifier: 2.1.1
        version: 2.1.1
      '@discordjs/voice':
        specifier: ^0.19.0
        version: 0.19.0(opusscript@0.0.8)
      '@snazzah/davey':
        specifier: 0.1.9
        version: 0.1.9
      discord.js:
        specifier: ^14.25.1
        version: 14.25.1
      opusscript:
        specifier: 0.0.8
        version: 0.0.8
      pnpm:
        specifier: '>=10.27.0'
        version: 10.33.2
      regexp.escape:
        specifier: 2.0.1
        version: 2.0.1
      uuid:
        specifier: '>=14.0.0'
        version: 14.0.0

packages:

  '@discordjs/builders@1.13.1':
    resolution: {integrity: sha512-cOU0UDHc3lp/5nKByDxkmRiNZBpdp0kx55aarbiAfakfKJHlxv/yFW1zmIqCAmwH5CRlrH9iMFKJMpvW4DPB+w==}
    engines: {node: '>=16.11.0'}

  '@discordjs/collection@1.5.3':
    resolution: {integrity: sha512-SVb428OMd3WO1paV3rm6tSjM4wC+Kecaa1EUGX7vc6/fddvw/6lg90z4QtCqm21zvVe92vMMDt9+DkIvjXImQQ==}
    engines: {node: '>=16.11.0'}

  '@discordjs/collection@2.1.1':
    resolution: {integrity: sha512-LiSusze9Tc7qF03sLCujF5iZp7K+vRNEDBZ86FT9aQAv3vxMLihUvKvpsCWiQ2DJq1tVckopKm1rxomgNUc9hg==}
    engines: {node: '>=18'}

  '@discordjs/formatters@0.6.2':
    resolution: {integrity: sha512-y4UPwWhH6vChKRkGdMB4odasUbHOUwy7KL+OVwF86PvT6QVOwElx+TiI1/6kcmcEe+g5YRXJFiXSXUdabqZOvQ==}
    engines: {node: '>=16.11.0'}

  '@discordjs/rest@2.6.0':
    resolution: {integrity: sha512-RDYrhmpB7mTvmCKcpj+pc5k7POKszS4E2O9TYc+U+Y4iaCP+r910QdO43qmpOja8LRr1RJ0b3U+CqVsnPqzf4w==}
    engines: {node: '>=18'}

  '@discordjs/util@1.2.0':
    resolution: {integrity: sha512-3LKP7F2+atl9vJFhaBjn4nOaSWahZ/yWjOvA4e5pnXkt2qyXRCHLxoBQy81GFtLGCq7K9lPm9R517M1U+/90Qg==}
    engines: {node: '>=18'}

  '@discordjs/voice@0.19.0':
    resolution: {integrity: sha512-UyX6rGEXzVyPzb1yvjHtPfTlnLvB5jX/stAMdiytHhfoydX+98hfympdOwsnTktzr+IRvphxTbdErgYDJkEsvw==}
    engines: {node: '>=22.12.0'}

  '@discordjs/ws@1.2.3':
    resolution: {integrity: sha512-wPlQDxEmlDg5IxhJPuxXr3Vy9AjYq5xCvFWGJyD7w7Np8ZGu+Mc+97LCoEc/+AYCo2IDpKioiH0/c/mj5ZR9Uw==}
    engines: {node: '>=16.11.0'}

  '@emnapi/core@1.8.1':
    resolution: {integrity: sha512-AvT9QFpxK0Zd8J0jopedNm+w/2fIzvtPKPjqyw9jwvBaReTTqPBk9Hixaz7KbjimP+QNz605/XnjFcDAL2pqBg==}

  '@emnapi/runtime@1.8.1':
    resolution: {integrity: sha512-mehfKSMWjjNol8659Z8KxEMrdSJDDot5SXMq00dM8BN4o+CLNXQ0xH2V7EchNHV4RmbZLmmPdEaXZc5H2FXmDg==}

  '@emnapi/wasi-threads@1.1.0':
    resolution: {integrity: sha512-WI0DdZ8xFSbgMjR1sFsKABJ/C5OnRrjT06JXbZKexJGrDuPTzZdDYfFlsgcCXCyf+suG5QU2e/y1Wo2V/OapLQ==}

  '@napi-rs/wasm-runtime@1.1.1':
    resolution: {integrity: sha512-p64ah1M1ld8xjWv3qbvFwHiFVWrq1yFvV4f7w+mzaqiR4IlSgkqhcRdHwsGgomwzBH51sRY4NEowLxnaBjcW/A==}

  '@sapphire/async-queue@1.5.2':
    resolution: {integrity: sha512-7X7FFAA4DngXUl95+hYbUF19bp1LGiffjJtu7ygrZrbdCSsdDDBaSjB7Akw0ZbOu6k0xpXyljnJ6/RZUvLfRdg==}
    engines: {node: '>=v14.0.0', npm: '>=7.0.0'}

  '@sapphire/async-queue@1.5.5':
    resolution: {integrity: sha512-cvGzxbba6sav2zZkH8GPf2oGk9yYoD5qrNWdu9fRehifgnFZJMV+nuy2nON2roRO4yQQ+v7MK/Pktl/HgfsUXg==}
    engines: {node: '>=v14.0.0', npm: '>=7.0.0'}

  '@sapphire/shapeshift@4.0.0':
    resolution: {integrity: sha512-d9dUmWVA7MMiKobL3VpLF8P2aeanRTu6ypG2OIaEv/ZHH/SUQ2iHOVyi5wAPjQ+HmnMuL0whK9ez8I/raWbtIg==}
    engines: {node: '>=v16'}

  '@sapphire/snowflake@3.5.3':
    resolution: {integrity: sha512-jjmJywLAFoWeBi1W7994zZyiNWPIiqRRNAmSERxyg93xRGzNYvGjlZ0gR6x0F4gPRi2+0O6S71kOZYyr3cxaIQ==}
    engines: {node: '>=v14.0.0', npm: '>=7.0.0'}

  '@snazzah/davey-android-arm-eabi@0.1.9':
    resolution: {integrity: sha512-Dq0WyeVGBw+uQbisV/6PeCQV2ndJozfhZqiNIfQxu6ehIdXB7iHILv+oY+AQN2n+qxiFmLh/MOX9RF+pIWdPbA==}
    engines: {node: '>= 10'}
    cpu: [arm]
    os: [android]

  '@snazzah/davey-android-arm64@0.1.9':
    resolution: {integrity: sha512-OE16OZjv7F/JrD7Mzw5eL2gY2vXRPC8S7ZrmkcMyz/sHHJsGHlT+L7X5s56Bec1YDTVmzAsH4UBuvVBoXuIWEQ==}
    engines: {node: '>= 10'}
    cpu: [arm64]
    os: [android]

  '@snazzah/davey-darwin-arm64@0.1.9':
    resolution: {integrity: sha512-z7oORvAPExikFkH6tvHhbUdZd77MYZp9VqbCpKEiI+sisWFVXgHde7F7iH3G4Bz6gUYJfgvKhWXiDRc+0SC4dg==}
    engines: {node: '>= 10'}
    cpu: [arm64]
    os: [darwin]

  '@snazzah/davey-darwin-x64@0.1.9':
    resolution: {integrity: sha512-f1LzGyRGlM414KpXml3OgWVSd7CgylcdYaFj/zDBb8bvWjxyvsI9iMeuPfe/cduloxRj8dELde/yCDZtFR6PdQ==}
    engines: {node: '>= 10'}
    cpu: [x64]
    os: [darwin]

  '@snazzah/davey-freebsd-x64@0.1.9':
    resolution: {integrity: sha512-k6p3JY2b8rD6j0V9Ql7kBUMR4eJdcpriNwiHltLzmtGuz/nK5RGQdkEP68gTLc+Uj3xs5Cy0jRKmv2xJQBR4sA==}
    engines: {node: '>= 10'}
    cpu: [x64]
    os: [freebsd]

  '@snazzah/davey-linux-arm-gnueabihf@0.1.9':
    resolution: {integrity: sha512-xDaAFUC/1+n/YayNwKsqKOBMuW0KI6F0SjgWU+krYTQTVmAKNjOM80IjemrVoqTpBOxBsT80zEtct2wj11CE3Q==}
    engines: {node: '>= 10'}
    cpu: [arm]
    os: [linux]

  '@snazzah/davey-linux-arm64-gnu@0.1.9':
    resolution: {integrity: sha512-t1VxFBzWExPNpsNY/9oStdAAuHqFvwZvIO2YPYyVNstxfi2KmAbHMweHUW7xb2ppXuhVQZ4VGmmeXiXcXqhPBw==}
    engines: {node: '>= 10'}
    cpu: [arm64]
    os: [linux]
    libc: [glibc]

  '@snazzah/davey-linux-arm64-musl@0.1.9':
    resolution: {integrity: sha512-Xvlr+nBPzuFV4PXHufddlt08JsEyu0p8mX2DpqdPxdpysYIH4I8V86yJiS4tk04a6pLBDd8IxTbBwvXJKqd/LQ==}
    engines: {node: '>= 10'}
    cpu: [arm64]
    os: [linux]
    libc: [musl]

  '@snazzah/davey-linux-x64-gnu@0.1.9':
    resolution: {integrity: sha512-6Uunc/NxiEkg1reroAKZAGfOtjl1CGa7hfTTVClb2f+DiA8ZRQWBh+3lgkq/0IeL262B4F14X8QRv5Bsv128qw==}
    engines: {node: '>= 10'}
    cpu: [x64]
    os: [linux]
    libc: [glibc]

  '@snazzah/davey-linux-x64-musl@0.1.9':
    resolution: {integrity: sha512-fFQ/n3aWt1lXhxSdy+Ge3gi5bR3VETMVsWhH0gwBALUKrbo3ZzgSktm4lNrXE9i0ncMz/CDpZ5i0wt/N3XphEQ==}
    engines: {node: '>= 10'}
    cpu: [x64]
    os: [linux]
    libc: [musl]

  '@snazzah/davey-wasm32-wasi@0.1.9':
    resolution: {integrity: sha512-xWvzej8YCVlUvzlpmqJMIf0XmLlHqulKZ2e7WNe2TxQmsK+o0zTZqiQYs2MwaEbrNXBhYlHDkdpuwoXkJdscNQ==}
    engines: {node: '>=14.0.0'}
    cpu: [wasm32]

  '@snazzah/davey-win32-arm64-msvc@0.1.9':
    resolution: {integrity: sha512-sTqry/DfltX2OdW1CTLKa3dFYN5FloAEb2yhGsY1i5+Bms6OhwByXfALvyMHYVo61Th2+sD+9BJpQffHFKDA3w==}
    engines: {node: '>= 10'}
    cpu: [arm64]
    os: [win32]

  '@snazzah/davey-win32-ia32-msvc@0.1.9':
    resolution: {integrity: sha512-twD3LwlkGnSwphsCtpGb5ztpBIWEvGdc0iujoVkdzZ6nJiq5p8iaLjJMO4hBm9h3s28fc+1Qd7AMVnagiOasnA==}
    engines: {node: '>= 10'}
    cpu: [ia32]
    os: [win32]

  '@snazzah/davey-win32-x64-msvc@0.1.9':
    resolution: {integrity: sha512-eMnXbv4GoTngWYY538i/qHz2BS+RgSXFsvKltPzKqnqzPzhQZIY7TemEJn3D5yWGfW4qHve9u23rz93FQqnQMA==}
    engines: {node: '>= 10'}
    cpu: [x64]
    os: [win32]

  '@snazzah/davey@0.1.9':
    resolution: {integrity: sha512-vNZk5y+IsxjwzTAXikvzz5pqMLb35YytC64nVF2MAFVhjpXu9ITOKUriZ0JG/llwzCAi56jb5x0cXDRIyE2A2A==}
    engines: {node: '>= 10'}

  '@tybys/wasm-util@0.10.1':
    resolution: {integrity: sha512-9tTaPJLSiejZKx+Bmog4uSubteqTvFrVrURwkmHixBo0G4seD0zUxp98E1DzUBJxLQ3NPwXrGKDiVjwx/DpPsg==}

  '@types/node@20.14.2':
    resolution: {integrity: sha512-xyu6WAMVwv6AKFLB+e/7ySZVr/0zLCzOa7rSpq6jNwpqOrUbcACDWC+53d4n2QHOnDou0fbIsg8wZu/sxrnI4Q==}

  '@types/ws@8.18.1':
    resolution: {integrity: sha512-ThVF6DCVhA8kUGy+aazFQ4kXQ7E1Ty7A3ypFOe0IcJV8O/M511G99AW24irKrW56Wt44yG9+ij8FaqoBGkuBXg==}

  '@vladfrangu/async_event_emitter@2.2.4':
    resolution: {integrity: sha512-ButUPz9E9cXMLgvAW8aLAKKJJsPu1dY1/l/E8xzLFuysowXygs6GBcyunK9rnGC4zTsnIc2mQo71rGw9U+Ykug==}
    engines: {node: '>=v14.0.0', npm: '>=7.0.0'}

  '@vladfrangu/async_event_emitter@2.4.7':
    resolution: {integrity: sha512-Xfe6rpCTxSxfbswi/W/Pz7zp1WWSNn4A0eW4mLkQUewCrXXtMj31lCg+iQyTkh/CkusZSq9eDflu7tjEDXUY6g==}
    engines: {node: '>=v14.0.0', npm: '>=7.0.0'}

  array-buffer-byte-length@1.0.2:
    resolution: {integrity: sha512-LHE+8BuR7RYGDKvnrmcuSq3tDcKv9OFEXQt/HpbZhY7V6h0zlUXutnAD82GiFx9rdieCMjkvtcsPqBwgUl1Iiw==}
    engines: {node: '>= 0.4'}

  arraybuffer.prototype.slice@1.0.4:
    resolution: {integrity: sha512-BNoCY6SXXPQ7gF2opIP4GBE+Xw7U+pHMYKuzjgCN3GwiaIR09UUeKfheyIry77QtrCBlC0KK0q5/TER/tYh3PQ==}
    engines: {node: '>= 0.4'}

  async-function@1.0.0:
    resolution: {integrity: sha512-hsU18Ae8CDTR6Kgu9DYf0EbCr/a5iGL0rytQDobUcdpYOKokk8LEjVphnXkDkgpi0wYVsqrXuP0bZxJaTqdgoA==}
    engines: {node: '>= 0.4'}

  available-typed-arrays@1.0.7:
    resolution: {integrity: sha512-wvUjBtSGN7+7SjNpq/9M2Tg350UZD3q62IFZLbRAR1bSMlCo1ZaeW+BJ+D090e4hIIZLBcTDWe4Mh4jvUDajzQ==}
    engines: {node: '>= 0.4'}

  call-bind-apply-helpers@1.0.2:
    resolution: {integrity: sha512-Sp1ablJ0ivDkSzjcaJdxEunN5/XvksFJ2sMBFfq6x0ryhQV/2b/KwFe21cMpmHtPOSij8K99/wSfoEuTObmuMQ==}
    engines: {node: '>= 0.4'}

  call-bind@1.0.8:
    resolution: {integrity: sha512-oKlSFMcMwpUg2ednkhQ454wfWiU/ul3CkJe/PEHcTKuiX6RpbehUiFMXu13HalGZxfUwCQzZG747YXBn1im9ww==}
    engines: {node: '>= 0.4'}

  call-bound@1.0.4:
    resolution: {integrity: sha512-+ys997U96po4Kx/ABpBCqhA9EuxJaQWDQg7295H4hBphv3IZg0boBKuwYpt4YXp6MZ5AmZQnU/tyMTlRpaSejg==}
    engines: {node: '>= 0.4'}

  data-view-buffer@1.0.2:
    resolution: {integrity: sha512-EmKO5V3OLXh1rtK2wgXRansaK1/mtVdTUEiEI0W8RkvgT05kfxaH29PliLnpLP73yYO6142Q72QNa8Wx/A5CqQ==}
    engines: {node: '>= 0.4'}

  data-view-byte-length@1.0.2:
    resolution: {integrity: sha512-tuhGbE6CfTM9+5ANGf+oQb72Ky/0+s3xKUpHvShfiz2RxMFgFPjsXuRLBVMtvMs15awe45SRb83D6wH4ew6wlQ==}
    engines: {node: '>= 0.4'}

  data-view-byte-offset@1.0.1:
    resolution: {integrity: sha512-BS8PfmtDGnrgYdOonGZQdLZslWIeCGFP9tpan0hi1Co2Zr2NKADsvGYA8XxuG/4UWgJ6Cjtv+YJnB6MM69QGlQ==}
    engines: {node: '>= 0.4'}

  define-data-property@1.1.4:
    resolution: {integrity: sha512-rBMvIzlpA8v6E+SJZoo++HAYqsLrkg7MSfIinMPFhmkorw7X+dOXVJQs+QT69zGkzMyfDnIMN2Wid1+NbL3T+A==}
    engines: {node: '>= 0.4'}

  define-properties@1.2.1:
    resolution: {integrity: sha512-8QmQKqEASLd5nx0U1B1okLElbUuuttJ/AnYmRXbbbGDWh6uS208EjD4Xqq/I9wK7u0v6O08XhTWnt5XtEbR6Dg==}
    engines: {node: '>= 0.4'}

  discord-api-types@0.38.40:
    resolution: {integrity: sha512-P/His8cotqZgQqrt+hzrocp9L8RhQQz1GkrCnC9TMJ8Uw2q0tg8YyqJyGULxhXn/8kxHETN4IppmOv+P2m82lQ==}

  discord.js@14.25.1:
    resolution: {integrity: sha512-2l0gsPOLPs5t6GFZfQZKnL1OJNYFcuC/ETWsW4VtKVD/tg4ICa9x+jb9bkPffkMdRpRpuUaO/fKkHCBeiCKh8g==}
    engines: {node: '>=18'}

  dunder-proto@1.0.1:
    resolution: {integrity: sha512-KIN/nDJBQRcXw0MLVhZE9iQHmG68qAVIBg9CqmUYjmQIhgij9U5MFvrqkUL5FbtyyzZuOeOt0zdeRe4UY7ct+A==}
    engines: {node: '>= 0.4'}

  es-abstract@1.24.1:
    resolution: {integrity: sha512-zHXBLhP+QehSSbsS9Pt23Gg964240DPd6QCf8WpkqEXxQ7fhdZzYsocOr5u7apWonsS5EjZDmTF+/slGMyasvw==}
    engines: {node: '>= 0.4'}

  es-define-property@1.0.1:
    resolution: {integrity: sha512-e3nRfgfUZ4rNGL232gUgX06QNyyez04KdjFrF+LTRoOXmrOgFKDg4BCdsjW8EnT69eqdYGmRpJwiPVYNrCaW3g==}
    engines: {node: '>= 0.4'}

  es-errors@1.3.0:
    resolution: {integrity: sha512-Zf5H2Kxt2xjTvbJvP2ZWLEICxA6j+hAmMzIlypy4xcBg1vKVnx89Wy0GbS+kf5cwCVFFzdCFh2XSCFNULS6csw==}
    engines: {node: '>= 0.4'}

  es-object-atoms@1.1.1:
    resolution: {integrity: sha512-FGgH2h8zKNim9ljj7dankFPcICIK9Cp5bm+c2gQSYePhpaG5+esrLODihIorn+Pe6FGJzWhXQotPv73jTaldXA==}
    engines: {node: '>= 0.4'}

  es-set-tostringtag@2.1.0:
    resolution: {integrity: sha512-j6vWzfrGVfyXxge+O0x5sh6cvxAog0a/4Rdd2K36zCMV5eJ+/+tOAngRO8cODMNWbVRdVlmGZQL2YS3yR8bIUA==}
    engines: {node: '>= 0.4'}

  es-to-primitive@1.3.0:
    resolution: {integrity: sha512-w+5mJ3GuFL+NjVtJlvydShqE1eN3h3PbI7/5LAsYJP/2qtuMXjfL2LpHSRqo4b4eSF5K/DH1JXKUAHSB2UW50g==}
    engines: {node: '>= 0.4'}

  fast-deep-equal@3.1.3:
    resolution: {integrity: sha512-f3qQ9oQy9j2AhBe/H9VC91wLmKBCCU/gDOnKNAYG5hswO7BLKj09Hc5HYNz9cGI++xlpDCIgDaitVs03ATR84Q==}

  for-each@0.3.5:
    resolution: {integrity: sha512-dKx12eRCVIzqCxFGplyFKJMPvLEWgmNtUrpTiJIR5u97zEhRG8ySrtboPHZXx7daLxQVrl643cTzbab2tkQjxg==}
    engines: {node: '>= 0.4'}

  function-bind@1.1.2:
    resolution: {integrity: sha512-7XHNxH7qX9xG5mIwxkhumTox/MIRNcOgDrxWsMt2pAr23WHp6MrRlN7FBSFpCpr+oVO0F744iUgR82nJMfG2SA==}

  function.prototype.name@1.1.8:
    resolution: {integrity: sha512-e5iwyodOHhbMr/yNrc7fDYG4qlbIvI5gajyzPnb5TCwyhjApznQh1BMFou9b30SevY43gCJKXycoCBjMbsuW0Q==}
    engines: {node: '>= 0.4'}

  functions-have-names@1.2.3:
    resolution: {integrity: sha512-xckBUXyTIqT97tq2x2AMb+g163b5JFysYk0x4qxNFwbfQkmNZoiRHb6sPzI9/QV33WeuvVYBUIiD4NzNIyqaRQ==}

  generator-function@2.0.1:
    resolution: {integrity: sha512-SFdFmIJi+ybC0vjlHN0ZGVGHc3lgE0DxPAT0djjVg+kjOnSqclqmj0KQ7ykTOLP6YxoqOvuAODGdcHJn+43q3g==}
    engines: {node: '>= 0.4'}

  get-intrinsic@1.3.0:
    resolution: {integrity: sha512-9fSjSaos/fRIVIp+xSJlE6lfwhES7LNtKaCBIamHsjr2na1BiABJPo0mOjjz8GJDURarmCPGqaiVg5mfjb98CQ==}
    engines: {node: '>= 0.4'}

  get-proto@1.0.1:
    resolution: {integrity: sha512-sTSfBjoXBp89JvIKIefqw7U2CCebsc74kiY6awiGogKtoSGbgjYE/G/+l9sF3MWFPNc9IcoOC4ODfKHfxFmp0g==}
    engines: {node: '>= 0.4'}

  get-symbol-description@1.1.0:
    resolution: {integrity: sha512-w9UMqWwJxHNOvoNzSJ2oPF5wvYcvP7jUvYzhp67yEhTi17ZDBBC1z9pTdGuzjD+EFIqLSYRweZjqfiPzQ06Ebg==}
    engines: {node: '>= 0.4'}

  globalthis@1.0.4:
    resolution: {integrity: sha512-DpLKbNU4WylpxJykQujfCcwYWiV/Jhm50Goo0wrVILAv5jOr9d+H+UR3PhSCD2rCCEIg0uc+G+muBTwD54JhDQ==}
    engines: {node: '>= 0.4'}

  gopd@1.2.0:
    resolution: {integrity: sha512-ZUKRh6/kUFoAiTAtTYPZJ3hw9wNxx+BIBOijnlG9PnrJsCcSjs1wyyD6vJpaYtgnzDrKYRSqf3OO6Rfa93xsRg==}
    engines: {node: '>= 0.4'}

  has-bigints@1.1.0:
    resolution: {integrity: sha512-R3pbpkcIqv2Pm3dUwgjclDRVmWpTJW2DcMzcIhEXEx1oh/CEMObMm3KLmRJOdvhM7o4uQBnwr8pzRK2sJWIqfg==}
    engines: {node: '>= 0.4'}

  has-property-descriptors@1.0.2:
    resolution: {integrity: sha512-55JNKuIW+vq4Ke1BjOTjM2YctQIvCT7GFzHwmfZPGo5wnrgkid0YQtnAleFSqumZm4az3n2BS+erby5ipJdgrg==}

  has-proto@1.2.0:
    resolution: {integrity: sha512-KIL7eQPfHQRC8+XluaIw7BHUwwqL19bQn4hzNgdr+1wXoU0KKj6rufu47lhY7KbJR2C6T6+PfyN0Ea7wkSS+qQ==}
    engines: {node: '>= 0.4'}

  has-symbols@1.1.0:
    resolution: {integrity: sha512-1cDNdwJ2Jaohmb3sg4OmKaMBwuC48sYni5HUw2DvsC8LjGTLK9h+eb1X6RyuOHe4hT0ULCW68iomhjUoKUqlPQ==}
    engines: {node: '>= 0.4'}

  has-tostringtag@1.0.2:
    resolution: {integrity: sha512-NqADB8VjPFLM2V0VvHUewwwsw0ZWBaIdgo+ieHtK3hasLz4qeCRjYcqfB6AQrBggRKppKF8L52/VqdVsO47Dlw==}
    engines: {node: '>= 0.4'}

  hasown@2.0.2:
    resolution: {integrity: sha512-0hJU9SCPvmMzIBdZFqNPXWa6dqh7WdH0cII9y+CyS8rG3nL48Bclra9HmKhVVUHyPWNH5Y7xDwAB7bfgSjkUMQ==}
    engines: {node: '>= 0.4'}

  internal-slot@1.1.0:
    resolution: {integrity: sha512-4gd7VpWNQNB4UKKCFFVcp1AVv+FMOgs9NKzjHKusc8jTMhd5eL1NqQqOpE0KzMds804/yHlglp3uxgluOqAPLw==}
    engines: {node: '>= 0.4'}

  is-array-buffer@3.0.5:
    resolution: {integrity: sha512-DDfANUiiG2wC1qawP66qlTugJeL5HyzMpfr8lLK+jMQirGzNod0B12cFB/9q838Ru27sBwfw78/rdoU7RERz6A==}
    engines: {node: '>= 0.4'}

  is-async-function@2.1.1:
    resolution: {integrity: sha512-9dgM/cZBnNvjzaMYHVoxxfPj2QXt22Ev7SuuPrs+xav0ukGB0S6d4ydZdEiM48kLx5kDV+QBPrpVnFyefL8kkQ==}
    engines: {node: '>= 0.4'}

  is-bigint@1.1.0:
    resolution: {integrity: sha512-n4ZT37wG78iz03xPRKJrHTdZbe3IicyucEtdRsV5yglwc3GyUfbAfpSeD0FJ41NbUNSt5wbhqfp1fS+BgnvDFQ==}
    engines: {node: '>= 0.4'}

  is-boolean-object@1.2.2:
    resolution: {integrity: sha512-wa56o2/ElJMYqjCjGkXri7it5FbebW5usLw/nPmCMs5DeZ7eziSYZhSmPRn0txqeW4LnAmQQU7FgqLpsEFKM4A==}
    engines: {node: '>= 0.4'}

  is-callable@1.2.7:
    resolution: {integrity: sha512-1BC0BVFhS/p0qtw6enp8e+8OD0UrK0oFLztSjNzhcKA3WDuJxxAPXzPuPtKkjEY9UUoEWlX/8fgKeu2S8i9JTA==}
    engines: {node: '>= 0.4'}

  is-data-view@1.0.2:
    resolution: {integrity: sha512-RKtWF8pGmS87i2D6gqQu/l7EYRlVdfzemCJN/P3UOs//x1QE7mfhvzHIApBTRf7axvT6DMGwSwBXYCT0nfB9xw==}
    engines: {node: '>= 0.4'}

  is-date-object@1.1.0:
    resolution: {integrity: sha512-PwwhEakHVKTdRNVOw+/Gyh0+MzlCl4R6qKvkhuvLtPMggI1WAHt9sOwZxQLSGpUaDnrdyDsomoRgNnCfKNSXXg==}
    engines: {node: '>= 0.4'}

  is-finalizationregistry@1.1.1:
    resolution: {integrity: sha512-1pC6N8qWJbWoPtEjgcL2xyhQOP491EQjeUo3qTKcmV8YSDDJrOepfG8pcC7h/QgnQHYSv0mJ3Z/ZWxmatVrysg==}
    engines: {node: '>= 0.4'}

  is-generator-function@1.1.2:
    resolution: {integrity: sha512-upqt1SkGkODW9tsGNG5mtXTXtECizwtS2kA161M+gJPc1xdb/Ax629af6YrTwcOeQHbewrPNlE5Dx7kzvXTizA==}
    engines: {node: '>= 0.4'}

  is-map@2.0.3:
    resolution: {integrity: sha512-1Qed0/Hr2m+YqxnM09CjA2d/i6YZNfF6R2oRAOj36eUdS6qIV/huPJNSEpKbupewFs+ZsJlxsjjPbc0/afW6Lw==}
    engines: {node: '>= 0.4'}

  is-negative-zero@2.0.3:
    resolution: {integrity: sha512-5KoIu2Ngpyek75jXodFvnafB6DJgr3u8uuK0LEZJjrU19DrMD3EVERaR8sjz8CCGgpZvxPl9SuE1GMVPFHx1mw==}
    engines: {node: '>= 0.4'}

  is-number-object@1.1.1:
    resolution: {integrity: sha512-lZhclumE1G6VYD8VHe35wFaIif+CTy5SJIi5+3y4psDgWu4wPDoBhF8NxUOinEc7pHgiTsT6MaBb92rKhhD+Xw==}
    engines: {node: '>= 0.4'}

  is-regex@1.2.1:
    resolution: {integrity: sha512-MjYsKHO5O7mCsmRGxWcLWheFqN9DJ/2TmngvjKXihe6efViPqc274+Fx/4fYj/r03+ESvBdTXK0V6tA3rgez1g==}
    engines: {node: '>= 0.4'}

  is-set@2.0.3:
    resolution: {integrity: sha512-iPAjerrse27/ygGLxw+EBR9agv9Y6uLeYVJMu+QNCoouJ1/1ri0mGrcWpfCqFZuzzx3WjtwxG098X+n4OuRkPg==}
    engines: {node: '>= 0.4'}

  is-shared-array-buffer@1.0.4:
    resolution: {integrity: sha512-ISWac8drv4ZGfwKl5slpHG9OwPNty4jOWPRIhBpxOoD+hqITiwuipOQ2bNthAzwA3B4fIjO4Nln74N0S9byq8A==}
    engines: {node: '>= 0.4'}

  is-string@1.1.1:
    resolution: {integrity: sha512-BtEeSsoaQjlSPBemMQIrY1MY0uM6vnS1g5fmufYOtnxLGUZM2178PKbhsk7Ffv58IX+ZtcvoGwccYsh0PglkAA==}
    engines: {node: '>= 0.4'}

  is-symbol@1.1.1:
    resolution: {integrity: sha512-9gGx6GTtCQM73BgmHQXfDmLtfjjTUDSyoxTCbp5WtoixAhfgsDirWIcVQ/IHpvI5Vgd5i/J5F7B9cN/WlVbC/w==}
    engines: {node: '>= 0.4'}

  is-typed-array@1.1.15:
    resolution: {integrity: sha512-p3EcsicXjit7SaskXHs1hA91QxgTw46Fv6EFKKGS5DRFLD8yKnohjF3hxoju94b/OcMZoQukzpPpBE9uLVKzgQ==}
    engines: {node: '>= 0.4'}

  is-weakmap@2.0.2:
    resolution: {integrity: sha512-K5pXYOm9wqY1RgjpL3YTkF39tni1XajUIkawTLUo9EZEVUFga5gSQJF8nNS7ZwJQ02y+1YCNYcMh+HIf1ZqE+w==}
    engines: {node: '>= 0.4'}

  is-weakref@1.1.1:
    resolution: {integrity: sha512-6i9mGWSlqzNMEqpCp93KwRS1uUOodk2OJ6b+sq7ZPDSy2WuI5NFIxp/254TytR8ftefexkWn5xNiHUNpPOfSew==}
    engines: {node: '>= 0.4'}

  is-weakset@2.0.4:
    resolution: {integrity: sha512-mfcwb6IzQyOKTs84CQMrOwW4gQcaTOAWJ0zzJCl2WSPDrWk/OzDaImWFH3djXhb24g4eudZfLRozAvPGw4d9hQ==}
    engines: {node: '>= 0.4'}

  isarray@2.0.5:
    resolution: {integrity: sha512-xHjhDr3cNBK0BzdUJSPXZntQUx/mwMS5Rw4A7lPJ90XGAO6ISP/ePDNuo0vhqOZU+UD5JoodwCAAoZQd3FeAKw==}

  lodash.snakecase@4.1.1:
    resolution: {integrity: sha512-QZ1d4xoBHYUeuouhEq3lk3Uq7ldgyFXGBhg04+oRLnIz8o9T65Eh+8YdroUwn846zchkA9yDsDl5CVVaV2nqYw==}

  lodash@4.18.1:
    resolution: {integrity: sha512-dMInicTPVE8d1e5otfwmmjlxkZoUpiVLwyeTdUsi/Caj/gfzzblBcCE5sRHV/AsjuCmxWrte2TNGSYuCeCq+0Q==}

  magic-bytes.js@1.10.0:
    resolution: {integrity: sha512-/k20Lg2q8LE5xiaaSkMXk4sfvI+9EGEykFS4b0CHHGWqDYU0bGUFSwchNOMA56D7TCs9GwVTkqe9als1/ns8UQ==}

  math-intrinsics@1.1.0:
    resolution: {integrity: sha512-/IXtbwEk5HTPyEwyKX6hGkYXxM9nbj64B+ilVJnC/R6B0pH5G4V3b0pVbL7DBj4tkhBAppbQUlf6F6Xl9LHu1g==}
    engines: {node: '>= 0.4'}

  object-inspect@1.13.4:
    resolution: {integrity: sha512-W67iLl4J2EXEGTbfeHCffrjDfitvLANg0UlX3wFUUSTx92KXRFegMHUVgSqE+wvhAbi4WqjGg9czysTV2Epbew==}
    engines: {node: '>= 0.4'}

  object-keys@1.1.1:
    resolution: {integrity: sha512-NuAESUOUMrlIXOfHKzD6bpPu3tYt3xvjNdRIQ+FeT0lNb4K8WR70CaDxhuNguS2XG+GjkyMwOzsN5ZktImfhLA==}
    engines: {node: '>= 0.4'}

  object.assign@4.1.7:
    resolution: {integrity: sha512-nK28WOo+QIjBkDduTINE4JkF/UJJKyf2EJxvJKfblDpyg0Q+pkOHNTL0Qwy6NP6FhE/EnzV73BxxqcJaXY9anw==}
    engines: {node: '>= 0.4'}

  opusscript@0.0.8:
    resolution: {integrity: sha512-VSTi1aWFuCkRCVq+tx/BQ5q9fMnQ9pVZ3JU4UHKqTkf0ED3fKEPdr+gKAAl3IA2hj9rrP6iyq3hlcJq3HELtNQ==}

  own-keys@1.0.1:
    resolution: {integrity: sha512-qFOyK5PjiWZd+QQIh+1jhdb9LpxTF0qs7Pm8o5QHYZ0M3vKqSqzsZaEB6oWlxZ+q2sJBMI/Ktgd2N5ZwQoRHfg==}
    engines: {node: '>= 0.4'}

  pnpm@10.33.2:
    resolution: {integrity: sha512-qQ+vb+6rca1sblf5Tg/hoS9dzCLNdU20CulZPraj4LaxLjVAIYuzeuCDQEsfLObbKkEh6XmCm0r/lLmfSdoc+A==}
    engines: {node: '>=18.12'}
    hasBin: true

  possible-typed-array-names@1.1.0:
    resolution: {integrity: sha512-/+5VFTchJDoVj3bhoqi6UeymcD00DAwb1nJwamzPvHEszJ4FpF6SNNbUbOS8yI56qHzdV8eK0qEfOSiodkTdxg==}
    engines: {node: '>= 0.4'}

  prism-media@1.3.5:
    resolution: {integrity: sha512-IQdl0Q01m4LrkN1EGIE9lphov5Hy7WWlH6ulf5QdGePLlPas9p2mhgddTEHrlaXYjjFToM1/rWuwF37VF4taaA==}
    peerDependencies:
      '@discordjs/opus': '>=0.8.0 <1.0.0'
      ffmpeg-static: ^5.0.2 || ^4.2.7 || ^3.0.0 || ^2.4.0
      node-opus: ^0.3.3
      opusscript: ^0.0.8
    peerDependenciesMeta:
      '@discordjs/opus':
        optional: true
      ffmpeg-static:
        optional: true
      node-opus:
        optional: true
      opusscript:
        optional: true

  reflect.getprototypeof@1.0.10:
    resolution: {integrity: sha512-00o4I+DVrefhv+nX0ulyi3biSHCPDe+yLv5o/p6d/UVlirijB8E16FtfwSAi4g3tcqrQ4lRAqQSoFEZJehYEcw==}
    engines: {node: '>= 0.4'}

  regexp.escape@2.0.1:
    resolution: {integrity: sha512-JItRb4rmyTzmERBkAf6J87LjDPy/RscIwmaJQ3gsFlAzrmZbZU8LwBw5IydFZXW9hqpgbPlGbMhtpqtuAhMgtg==}
    engines: {node: '>= 0.4'}

  regexp.prototype.flags@1.5.4:
    resolution: {integrity: sha512-dYqgNSZbDwkaJ2ceRd9ojCGjBq+mOm9LmtXnAnEGyHhN/5R7iDW2TRw3h+o/jCFxus3P2LfWIIiwowAjANm7IA==}
    engines: {node: '>= 0.4'}

  safe-array-concat@1.1.3:
    resolution: {integrity: sha512-AURm5f0jYEOydBj7VQlVvDrjeFgthDdEF5H1dP+6mNpoXOMo1quQqJ4wvJDyRZ9+pO3kGWoOdmV08cSv2aJV6Q==}
    engines: {node: '>=0.4'}

  safe-push-apply@1.0.0:
    resolution: {integrity: sha512-iKE9w/Z7xCzUMIZqdBsp6pEQvwuEebH4vdpjcDWnyzaI6yl6O9FHvVpmGelvEHNsoY6wGblkxR6Zty/h00WiSA==}
    engines: {node: '>= 0.4'}

  safe-regex-test@1.1.0:
    resolution: {integrity: sha512-x/+Cz4YrimQxQccJf5mKEbIa1NzeCRNI5Ecl/ekmlYaampdNLPalVyIcCZNNH3MvmqBugV5TMYZXv0ljslUlaw==}
    engines: {node: '>= 0.4'}

  set-function-length@1.2.2:
    resolution: {integrity: sha512-pgRc4hJ4/sNjWCSS9AmnS40x3bNMDTknHgL5UaMBTMyJnU90EgWh1Rz+MC9eFu4BuN/UwZjKQuY/1v3rM7HMfg==}
    engines: {node: '>= 0.4'}

  set-function-name@2.0.2:
    resolution: {integrity: sha512-7PGFlmtwsEADb0WYyvCMa1t+yke6daIG4Wirafur5kcf+MhUnPms1UeR0CKQdTZD81yESwMHbtn+TR+dMviakQ==}
    engines: {node: '>= 0.4'}

  set-proto@1.0.0:
    resolution: {integrity: sha512-RJRdvCo6IAnPdsvP/7m6bsQqNnn1FCBX5ZNtFL98MmFF/4xAIJTIg1YbHW5DC2W5SKZanrC6i4HsJqlajw/dZw==}
    engines: {node: '>= 0.4'}

  side-channel-list@1.0.0:
    resolution: {integrity: sha512-FCLHtRD/gnpCiCHEiJLOwdmFP+wzCmDEkc9y7NsYxeF4u7Btsn1ZuwgwJGxImImHicJArLP4R0yX4c2KCrMrTA==}
    engines: {node: '>= 0.4'}

  side-channel-map@1.0.1:
    resolution: {integrity: sha512-VCjCNfgMsby3tTdo02nbjtM/ewra6jPHmpThenkTYh8pG9ucZ/1P8So4u4FGBek/BjpOVsDCMoLA/iuBKIFXRA==}
    engines: {node: '>= 0.4'}

  side-channel-weakmap@1.0.2:
    resolution: {integrity: sha512-WPS/HvHQTYnHisLo9McqBHOJk2FkHO/tlpvldyrnem4aeQp4hai3gythswg6p01oSoTl58rcpiFAjF2br2Ak2A==}
    engines: {node: '>= 0.4'}

  side-channel@1.1.0:
    resolution: {integrity: sha512-ZX99e6tRweoUXqR+VBrslhda51Nh5MTQwou5tnUDgbtyM0dBgmhEDtWGP/xbKn6hqfPRHujUNwz5fy/wbbhnpw==}
    engines: {node: '>= 0.4'}

  stop-iteration-iterator@1.1.0:
    resolution: {integrity: sha512-eLoXW/DHyl62zxY4SCaIgnRhuMr6ri4juEYARS8E6sCEqzKpOiE521Ucofdx+KnDZl5xmvGYaaKCk5FEOxJCoQ==}
    engines: {node: '>= 0.4'}

  string.prototype.trim@1.2.10:
    resolution: {integrity: sha512-Rs66F0P/1kedk5lyYyH9uBzuiI/kNRmwJAR9quK6VOtIpZ2G+hMZd+HQbbv25MgCA6gEffoMZYxlTod4WcdrKA==}
    engines: {node: '>= 0.4'}

  string.prototype.trimend@1.0.9:
    resolution: {integrity: sha512-G7Ok5C6E/j4SGfyLCloXTrngQIQU3PWtXGst3yM7Bea9FRURf1S42ZHlZZtsNque2FN2PoUhfZXYLNWwEr4dLQ==}
    engines: {node: '>= 0.4'}

  string.prototype.trimstart@1.0.8:
    resolution: {integrity: sha512-UXSH262CSZY1tfu3G3Secr6uGLCFVPMhIqHjlgCUtCCcgihYc/xKs9djMTMUOb2j1mVSeU8EU6NWc/iQKU6Gfg==}
    engines: {node: '>= 0.4'}

  ts-mixer@6.0.4:
    resolution: {integrity: sha512-ufKpbmrugz5Aou4wcr5Wc1UUFWOLhq+Fm6qa6P0w0K5Qw2yhaUoiWszhCVuNQyNwrlGiscHOmqYoAox1PtvgjA==}

  tslib@2.6.3:
    resolution: {integrity: sha512-xNvxJEOUiWPGhUuUdQgAJPKOOJfGnIyKySOc09XkKsgdUV/3E2zvwZYdejjmRgPCgcym1juLH3226yA7sEFJKQ==}

  tslib@2.8.1:
    resolution: {integrity: sha512-oJFu94HQb+KVduSUQL7wnpmqnfmLsOA/nAh6b6EH0wCEoK0/mPeXU6c3wKDV83MkOuHPRHtSXKKU99IBazS/2w==}

  typed-array-buffer@1.0.3:
    resolution: {integrity: sha512-nAYYwfY3qnzX30IkA6AQZjVbtK6duGontcQm1WSG1MD94YLqK0515GNApXkoxKOWMusVssAHWLh9SeaoefYFGw==}
    engines: {node: '>= 0.4'}

  typed-array-byte-length@1.0.3:
    resolution: {integrity: sha512-BaXgOuIxz8n8pIq3e7Atg/7s+DpiYrxn4vdot3w9KbnBhcRQq6o3xemQdIfynqSeXeDrF32x+WvfzmOjPiY9lg==}
    engines: {node: '>= 0.4'}

  typed-array-byte-offset@1.0.4:
    resolution: {integrity: sha512-bTlAFB/FBYMcuX81gbL4OcpH5PmlFHqlCCpAl8AlEzMz5k53oNDvN8p1PNOWLEmI2x4orp3raOFB51tv9X+MFQ==}
    engines: {node: '>= 0.4'}

  typed-array-length@1.0.7:
    resolution: {integrity: sha512-3KS2b+kL7fsuk/eJZ7EQdnEmQoaho/r6KUef7hxvltNA5DR8NAUM+8wJMbJyZ4G9/7i3v5zPBIMN5aybAh2/Jg==}
    engines: {node: '>= 0.4'}

  unbox-primitive@1.1.0:
    resolution: {integrity: sha512-nWJ91DjeOkej/TA8pXQ3myruKpKEYgqvpw9lz4OPHj/NWFNluYrjbz9j01CJ8yKQd2g4jFoOkINCTW2I5LEEyw==}
    engines: {node: '>= 0.4'}

  undici-types@5.26.5:
    resolution: {integrity: sha512-JlCMO+ehdEIKqlFxk6IfVoAUVmgz7cU7zD/h9XZ0qzeosSHmUJVOzSQvvYSYWXkFXC+IfLKSIffhv0sVZup6pA==}

  undici@8.2.0:
    resolution: {integrity: sha512-Z+4Hx9GE26Lh9Upwfnc8C7SsrpBPGaM/Gm6kMFtiG7c+5IvQKlXi/t+9x9DrrCh29cww5TSP9YdVaBcnLDs5fQ==}
    engines: {node: '>=22.19.0'}

  uuid@14.0.0:
    resolution: {integrity: sha512-Qo+uWgilfSmAhXCMav1uYFynlQO7fMFiMVZsQqZRMIXp0O7rR7qjkj+cPvBHLgBqi960QCoo/PH2/6ZtVqKvrg==}
    hasBin: true

  which-boxed-primitive@1.1.1:
    resolution: {integrity: sha512-TbX3mj8n0odCBFVlY8AxkqcHASw3L60jIuF8jFP78az3C2YhmGvqbHBpAjTRH2/xqYunrJ9g1jSyjCjpoWzIAA==}
    engines: {node: '>= 0.4'}

  which-builtin-type@1.2.1:
    resolution: {integrity: sha512-6iBczoX+kDQ7a3+YJBnh3T+KZRxM/iYNPXicqk66/Qfm1b93iu+yOImkg0zHbj5LNOcNv1TEADiZ0xa34B4q6Q==}
    engines: {node: '>= 0.4'}

  which-collection@1.0.2:
    resolution: {integrity: sha512-K4jVyjnBdgvc86Y6BkaLZEN933SwYOuBFkdmBu9ZfkcAbdVbpITnDmjvZ/aQjRXQrv5EPkTnD1s39GiiqbngCw==}
    engines: {node: '>= 0.4'}

  which-typed-array@1.1.19:
    resolution: {integrity: sha512-rEvr90Bck4WZt9HHFC4DJMsjvu7x+r6bImz0/BrbWb7A2djJ8hnZMrWnHo9F8ssv0OMErasDhftrfROTyqSDrw==}
    engines: {node: '>= 0.4'}

  ws@8.18.3:
    resolution: {integrity: sha512-PEIGCY5tSlUt50cqyMXfCzX+oOPqN0vuGqWzbcJ2xvnkzkq46oOpz7dQaTDBdfICb4N14+GARUDw2XV2N4tvzg==}
    engines: {node: '>=10.0.0'}
    peerDependencies:
      bufferutil: ^4.0.1
      utf-8-validate: '>=5.0.2'
    peerDependenciesMeta:
      bufferutil:
        optional: true
      utf-8-validate:
        optional: true

snapshots:

  '@discordjs/builders@1.13.1':
    dependencies:
      '@discordjs/formatters': 0.6.2
      '@discordjs/util': 1.2.0
      '@sapphire/shapeshift': 4.0.0
      discord-api-types: 0.38.40
      fast-deep-equal: 3.1.3
      ts-mixer: 6.0.4
      tslib: 2.6.3

  '@discordjs/collection@1.5.3': {}

  '@discordjs/collection@2.1.1': {}

  '@discordjs/formatters@0.6.2':
    dependencies:
      discord-api-types: 0.38.40

  '@discordjs/rest@2.6.0':
    dependencies:
      '@discordjs/collection': 2.1.1
      '@discordjs/util': 1.2.0
      '@sapphire/async-queue': 1.5.5
      '@sapphire/snowflake': 3.5.3
      '@vladfrangu/async_event_emitter': 2.4.7
      discord-api-types: 0.38.40
      magic-bytes.js: 1.10.0
      tslib: 2.6.3
      undici: 8.2.0

  '@discordjs/util@1.2.0':
    dependencies:
      discord-api-types: 0.38.40

  '@discordjs/voice@0.19.0(opusscript@0.0.8)':
    dependencies:
      '@types/ws': 8.18.1
      discord-api-types: 0.38.40
      prism-media: 1.3.5(opusscript@0.0.8)
      tslib: 2.8.1
      ws: 8.18.3
    transitivePeerDependencies:
      - '@discordjs/opus'
      - bufferutil
      - ffmpeg-static
      - node-opus
      - opusscript
      - utf-8-validate

  '@discordjs/ws@1.2.3':
    dependencies:
      '@discordjs/collection': 2.1.1
      '@discordjs/rest': 2.6.0
      '@discordjs/util': 1.2.0
      '@sapphire/async-queue': 1.5.2
      '@types/ws': 8.18.1
      '@vladfrangu/async_event_emitter': 2.2.4
      discord-api-types: 0.38.40
      tslib: 2.6.3
      ws: 8.18.3
    transitivePeerDependencies:
      - bufferutil
      - utf-8-validate

  '@emnapi/core@1.8.1':
    dependencies:
      '@emnapi/wasi-threads': 1.1.0
      tslib: 2.8.1
    optional: true

  '@emnapi/runtime@1.8.1':
    dependencies:
      tslib: 2.8.1
    optional: true

  '@emnapi/wasi-threads@1.1.0':
    dependencies:
      tslib: 2.8.1
    optional: true

  '@napi-rs/wasm-runtime@1.1.1':
    dependencies:
      '@emnapi/core': 1.8.1
      '@emnapi/runtime': 1.8.1
      '@tybys/wasm-util': 0.10.1
    optional: true

  '@sapphire/async-queue@1.5.2': {}

  '@sapphire/async-queue@1.5.5': {}

  '@sapphire/shapeshift@4.0.0':
    dependencies:
      fast-deep-equal: 3.1.3
      lodash: 4.18.1

  '@sapphire/snowflake@3.5.3': {}

  '@snazzah/davey-android-arm-eabi@0.1.9':
    optional: true

  '@snazzah/davey-android-arm64@0.1.9':
    optional: true

  '@snazzah/davey-darwin-arm64@0.1.9':
    optional: true

  '@snazzah/davey-darwin-x64@0.1.9':
    optional: true

  '@snazzah/davey-freebsd-x64@0.1.9':
    optional: true

  '@snazzah/davey-linux-arm-gnueabihf@0.1.9':
    optional: true

  '@snazzah/davey-linux-arm64-gnu@0.1.9':
    optional: true

  '@snazzah/davey-linux-arm64-musl@0.1.9':
    optional: true

  '@snazzah/davey-linux-x64-gnu@0.1.9':
    optional: true

  '@snazzah/davey-linux-x64-musl@0.1.9':
    optional: true

  '@snazzah/davey-wasm32-wasi@0.1.9':
    dependencies:
      '@napi-rs/wasm-runtime': 1.1.1
    optional: true

  '@snazzah/davey-win32-arm64-msvc@0.1.9':
    optional: true

  '@snazzah/davey-win32-ia32-msvc@0.1.9':
    optional: true

  '@snazzah/davey-win32-x64-msvc@0.1.9':
    optional: true

  '@snazzah/davey@0.1.9':
    optionalDependencies:
      '@snazzah/davey-android-arm-eabi': 0.1.9
      '@snazzah/davey-android-arm64': 0.1.9
      '@snazzah/davey-darwin-arm64': 0.1.9
      '@snazzah/davey-darwin-x64': 0.1.9
      '@snazzah/davey-freebsd-x64': 0.1.9
      '@snazzah/davey-linux-arm-gnueabihf': 0.1.9
      '@snazzah/davey-linux-arm64-gnu': 0.1.9
      '@snazzah/davey-linux-arm64-musl': 0.1.9
      '@snazzah/davey-linux-x64-gnu': 0.1.9
      '@snazzah/davey-linux-x64-musl': 0.1.9
      '@snazzah/davey-wasm32-wasi': 0.1.9
      '@snazzah/davey-win32-arm64-msvc': 0.1.9
      '@snazzah/davey-win32-ia32-msvc': 0.1.9
      '@snazzah/davey-win32-x64-msvc': 0.1.9

  '@tybys/wasm-util@0.10.1':
    dependencies:
      tslib: 2.8.1
    optional: true

  '@types/node@20.14.2':
    dependencies:
      undici-types: 5.26.5

  '@types/ws@8.18.1':
    dependencies:
      '@types/node': 20.14.2

  '@vladfrangu/async_event_emitter@2.2.4': {}

  '@vladfrangu/async_event_emitter@2.4.7': {}

  array-buffer-byte-length@1.0.2:
    dependencies:
      call-bound: 1.0.4
      is-array-buffer: 3.0.5

  arraybuffer.prototype.slice@1.0.4:
    dependencies:
      array-buffer-byte-length: 1.0.2
      call-bind: 1.0.8
      define-properties: 1.2.1
      es-abstract: 1.24.1
      es-errors: 1.3.0
      get-intrinsic: 1.3.0
      is-array-buffer: 3.0.5

  async-function@1.0.0: {}

  available-typed-arrays@1.0.7:
    dependencies:
      possible-typed-array-names: 1.1.0

  call-bind-apply-helpers@1.0.2:
    dependencies:
      es-errors: 1.3.0
      function-bind: 1.1.2

  call-bind@1.0.8:
    dependencies:
      call-bind-apply-helpers: 1.0.2
      es-define-property: 1.0.1
      get-intrinsic: 1.3.0
      set-function-length: 1.2.2

  call-bound@1.0.4:
    dependencies:
      call-bind-apply-helpers: 1.0.2
      get-intrinsic: 1.3.0

  data-view-buffer@1.0.2:
    dependencies:
      call-bound: 1.0.4
      es-errors: 1.3.0
      is-data-view: 1.0.2

  data-view-byte-length@1.0.2:
    dependencies:
      call-bound: 1.0.4
      es-errors: 1.3.0
      is-data-view: 1.0.2

  data-view-byte-offset@1.0.1:
    dependencies:
      call-bound: 1.0.4
      es-errors: 1.3.0
      is-data-view: 1.0.2

  define-data-property@1.1.4:
    dependencies:
      es-define-property: 1.0.1
      es-errors: 1.3.0
      gopd: 1.2.0

  define-properties@1.2.1:
    dependencies:
      define-data-property: 1.1.4
      has-property-descriptors: 1.0.2
      object-keys: 1.1.1

  discord-api-types@0.38.40: {}

  discord.js@14.25.1:
    dependencies:
      '@discordjs/builders': 1.13.1
      '@discordjs/collection': 1.5.3
      '@discordjs/formatters': 0.6.2
      '@discordjs/rest': 2.6.0
      '@discordjs/util': 1.2.0
      '@discordjs/ws': 1.2.3
      '@sapphire/snowflake': 3.5.3
      discord-api-types: 0.38.40
      fast-deep-equal: 3.1.3
      lodash.snakecase: 4.1.1
      magic-bytes.js: 1.10.0
      tslib: 2.6.3
      undici: 8.2.0
    transitivePeerDependencies:
      - bufferutil
      - utf-8-validate

  dunder-proto@1.0.1:
    dependencies:
      call-bind-apply-helpers: 1.0.2
      es-errors: 1.3.0
      gopd: 1.2.0

  es-abstract@1.24.1:
    dependencies:
      array-buffer-byte-length: 1.0.2
      arraybuffer.prototype.slice: 1.0.4
      available-typed-arrays: 1.0.7
      call-bind: 1.0.8
      call-bound: 1.0.4
      data-view-buffer: 1.0.2
      data-view-byte-length: 1.0.2
      data-view-byte-offset: 1.0.1
      es-define-property: 1.0.1
      es-errors: 1.3.0
      es-object-atoms: 1.1.1
      es-set-tostringtag: 2.1.0
      es-to-primitive: 1.3.0
      function.prototype.name: 1.1.8
      get-intrinsic: 1.3.0
      get-proto: 1.0.1
      get-symbol-description: 1.1.0
      globalthis: 1.0.4
      gopd: 1.2.0
      has-property-descriptors: 1.0.2
      has-proto: 1.2.0
      has-symbols: 1.1.0
      hasown: 2.0.2
      internal-slot: 1.1.0
      is-array-buffer: 3.0.5
      is-callable: 1.2.7
      is-data-view: 1.0.2
      is-negative-zero: 2.0.3
      is-regex: 1.2.1
      is-set: 2.0.3
      is-shared-array-buffer: 1.0.4
      is-string: 1.1.1
      is-typed-array: 1.1.15
      is-weakref: 1.1.1
      math-intrinsics: 1.1.0
      object-inspect: 1.13.4
      object-keys: 1.1.1
      object.assign: 4.1.7
      own-keys: 1.0.1
      regexp.prototype.flags: 1.5.4
      safe-array-concat: 1.1.3
      safe-push-apply: 1.0.0
      safe-regex-test: 1.1.0
      set-proto: 1.0.0
      stop-iteration-iterator: 1.1.0
      string.prototype.trim: 1.2.10
      string.prototype.trimend: 1.0.9
      string.prototype.trimstart: 1.0.8
      typed-array-buffer: 1.0.3
      typed-array-byte-length: 1.0.3
      typed-array-byte-offset: 1.0.4
      typed-array-length: 1.0.7
      unbox-primitive: 1.1.0
      which-typed-array: 1.1.19

  es-define-property@1.0.1: {}

  es-errors@1.3.0: {}

  es-object-atoms@1.1.1:
    dependencies:
      es-errors: 1.3.0

  es-set-tostringtag@2.1.0:
    dependencies:
      es-errors: 1.3.0
      get-intrinsic: 1.3.0
      has-tostringtag: 1.0.2
      hasown: 2.0.2

  es-to-primitive@1.3.0:
    dependencies:
      is-callable: 1.2.7
      is-date-object: 1.1.0
      is-symbol: 1.1.1

  fast-deep-equal@3.1.3: {}

  for-each@0.3.5:
    dependencies:
      is-callable: 1.2.7

  function-bind@1.1.2: {}

  function.prototype.name@1.1.8:
    dependencies:
      call-bind: 1.0.8
      call-bound: 1.0.4
      define-properties: 1.2.1
      functions-have-names: 1.2.3
      hasown: 2.0.2
      is-callable: 1.2.7

  functions-have-names@1.2.3: {}

  generator-function@2.0.1: {}

  get-intrinsic@1.3.0:
    dependencies:
      call-bind-apply-helpers: 1.0.2
      es-define-property: 1.0.1
      es-errors: 1.3.0
      es-object-atoms: 1.1.1
      function-bind: 1.1.2
      get-proto: 1.0.1
      gopd: 1.2.0
      has-symbols: 1.1.0
      hasown: 2.0.2
      math-intrinsics: 1.1.0

  get-proto@1.0.1:
    dependencies:
      dunder-proto: 1.0.1
      es-object-atoms: 1.1.1

  get-symbol-description@1.1.0:
    dependencies:
      call-bound: 1.0.4
      es-errors: 1.3.0
      get-intrinsic: 1.3.0

  globalthis@1.0.4:
    dependencies:
      define-properties: 1.2.1
      gopd: 1.2.0

  gopd@1.2.0: {}

  has-bigints@1.1.0: {}

  has-property-descriptors@1.0.2:
    dependencies:
      es-define-property: 1.0.1

  has-proto@1.2.0:
    dependencies:
      dunder-proto: 1.0.1

  has-symbols@1.1.0: {}

  has-tostringtag@1.0.2:
    dependencies:
      has-symbols: 1.1.0

  hasown@2.0.2:
    dependencies:
      function-bind: 1.1.2

  internal-slot@1.1.0:
    dependencies:
      es-errors: 1.3.0
      hasown: 2.0.2
      side-channel: 1.1.0

  is-array-buffer@3.0.5:
    dependencies:
      call-bind: 1.0.8
      call-bound: 1.0.4
      get-intrinsic: 1.3.0

  is-async-function@2.1.1:
    dependencies:
      async-function: 1.0.0
      call-bound: 1.0.4
      get-proto: 1.0.1
      has-tostringtag: 1.0.2
      safe-regex-test: 1.1.0

  is-bigint@1.1.0:
    dependencies:
      has-bigints: 1.1.0

  is-boolean-object@1.2.2:
    dependencies:
      call-bound: 1.0.4
      has-tostringtag: 1.0.2

  is-callable@1.2.7: {}

  is-data-view@1.0.2:
    dependencies:
      call-bound: 1.0.4
      get-intrinsic: 1.3.0
      is-typed-array: 1.1.15

  is-date-object@1.1.0:
    dependencies:
      call-bound: 1.0.4
      has-tostringtag: 1.0.2

  is-finalizationregistry@1.1.1:
    dependencies:
      call-bound: 1.0.4

  is-generator-function@1.1.2:
    dependencies:
      call-bound: 1.0.4
      generator-function: 2.0.1
      get-proto: 1.0.1
      has-tostringtag: 1.0.2
      safe-regex-test: 1.1.0

  is-map@2.0.3: {}

  is-negative-zero@2.0.3: {}

  is-number-object@1.1.1:
    dependencies:
      call-bound: 1.0.4
      has-tostringtag: 1.0.2

  is-regex@1.2.1:
    dependencies:
      call-bound: 1.0.4
      gopd: 1.2.0
      has-tostringtag: 1.0.2
      hasown: 2.0.2

  is-set@2.0.3: {}

  is-shared-array-buffer@1.0.4:
    dependencies:
      call-bound: 1.0.4

  is-string@1.1.1:
    dependencies:
      call-bound: 1.0.4
      has-tostringtag: 1.0.2

  is-symbol@1.1.1:
    dependencies:
      call-bound: 1.0.4
      has-symbols: 1.1.0
      safe-regex-test: 1.1.0

  is-typed-array@1.1.15:
    dependencies:
      which-typed-array: 1.1.19

  is-weakmap@2.0.2: {}

  is-weakref@1.1.1:
    dependencies:
      call-bound: 1.0.4

  is-weakset@2.0.4:
    dependencies:
      call-bound: 1.0.4
      get-intrinsic: 1.3.0

  isarray@2.0.5: {}

  lodash.snakecase@4.1.1: {}

  lodash@4.18.1: {}

  magic-bytes.js@1.10.0: {}

  math-intrinsics@1.1.0: {}

  object-inspect@1.13.4: {}

  object-keys@1.1.1: {}

  object.assign@4.1.7:
    dependencies:
      call-bind: 1.0.8
      call-bound: 1.0.4
      define-properties: 1.2.1
      es-object-atoms: 1.1.1
      has-symbols: 1.1.0
      object-keys: 1.1.1

  opusscript@0.0.8: {}

  own-keys@1.0.1:
    dependencies:
      get-intrinsic: 1.3.0
      object-keys: 1.1.1
      safe-push-apply: 1.0.0

  pnpm@10.33.2: {}

  possible-typed-array-names@1.1.0: {}

  prism-media@1.3.5(opusscript@0.0.8):
    optionalDependencies:
      opusscript: 0.0.8

  reflect.getprototypeof@1.0.10:
    dependencies:
      call-bind: 1.0.8
      define-properties: 1.2.1
      es-abstract: 1.24.1
      es-errors: 1.3.0
      es-object-atoms: 1.1.1
      get-intrinsic: 1.3.0
      get-proto: 1.0.1
      which-builtin-type: 1.2.1

  regexp.escape@2.0.1:
    dependencies:
      call-bind: 1.0.8
      define-properties: 1.2.1
      es-abstract: 1.24.1
      es-errors: 1.3.0
      for-each: 0.3.5
      safe-regex-test: 1.1.0

  regexp.prototype.flags@1.5.4:
    dependencies:
      call-bind: 1.0.8
      define-properties: 1.2.1
      es-errors: 1.3.0
      get-proto: 1.0.1
      gopd: 1.2.0
      set-function-name: 2.0.2

  safe-array-concat@1.1.3:
    dependencies:
      call-bind: 1.0.8
      call-bound: 1.0.4
      get-intrinsic: 1.3.0
      has-symbols: 1.1.0
      isarray: 2.0.5

  safe-push-apply@1.0.0:
    dependencies:
      es-errors: 1.3.0
      isarray: 2.0.5

  safe-regex-test@1.1.0:
    dependencies:
      call-bound: 1.0.4
      es-errors: 1.3.0
      is-regex: 1.2.1

  set-function-length@1.2.2:
    dependencies:
      define-data-property: 1.1.4
      es-errors: 1.3.0
      function-bind: 1.1.2
      get-intrinsic: 1.3.0
      gopd: 1.2.0
      has-property-descriptors: 1.0.2

  set-function-name@2.0.2:
    dependencies:
      define-data-property: 1.1.4
      es-errors: 1.3.0
      functions-have-names: 1.2.3
      has-property-descriptors: 1.0.2

  set-proto@1.0.0:
    dependencies:
      dunder-proto: 1.0.1
      es-errors: 1.3.0
      es-object-atoms: 1.1.1

  side-channel-list@1.0.0:
    dependencies:
      es-errors: 1.3.0
      object-inspect: 1.13.4

  side-channel-map@1.0.1:
    dependencies:
      call-bound: 1.0.4
      es-errors: 1.3.0
      get-intrinsic: 1.3.0
      object-inspect: 1.13.4

  side-channel-weakmap@1.0.2:
    dependencies:
      call-bound: 1.0.4
      es-errors: 1.3.0
      get-intrinsic: 1.3.0
      object-inspect: 1.13.4
      side-channel-map: 1.0.1

  side-channel@1.1.0:
    dependencies:
      es-errors: 1.3.0
      object-inspect: 1.13.4
      side-channel-list: 1.0.0
      side-channel-map: 1.0.1
      side-channel-weakmap: 1.0.2

  stop-iteration-iterator@1.1.0:
    dependencies:
      es-errors: 1.3.0
      internal-slot: 1.1.0

  string.prototype.trim@1.2.10:
    dependencies:
      call-bind: 1.0.8
      call-bound: 1.0.4
      define-data-property: 1.1.4
      define-properties: 1.2.1
      es-abstract: 1.24.1
      es-object-atoms: 1.1.1
      has-property-descriptors: 1.0.2

  string.prototype.trimend@1.0.9:
    dependencies:
      call-bind: 1.0.8
      call-bound: 1.0.4
      define-properties: 1.2.1
      es-object-atoms: 1.1.1

  string.prototype.trimstart@1.0.8:
    dependencies:
      call-bind: 1.0.8
      define-properties: 1.2.1
      es-object-atoms: 1.1.1

  ts-mixer@6.0.4: {}

  tslib@2.6.3: {}

  tslib@2.8.1: {}

  typed-array-buffer@1.0.3:
    dependencies:
      call-bound: 1.0.4
      es-errors: 1.3.0
      is-typed-array: 1.1.15

  typed-array-byte-length@1.0.3:
    dependencies:
      call-bind: 1.0.8
      for-each: 0.3.5
      gopd: 1.2.0
      has-proto: 1.2.0
      is-typed-array: 1.1.15

  typed-array-byte-offset@1.0.4:
    dependencies:
      available-typed-arrays: 1.0.7
      call-bind: 1.0.8
      for-each: 0.3.5
      gopd: 1.2.0
      has-proto: 1.2.0
      is-typed-array: 1.1.15
      reflect.getprototypeof: 1.0.10

  typed-array-length@1.0.7:
    dependencies:
      call-bind: 1.0.8
      for-each: 0.3.5
      gopd: 1.2.0
      is-typed-array: 1.1.15
      possible-typed-array-names: 1.1.0
      reflect.getprototypeof: 1.0.10

  unbox-primitive@1.1.0:
    dependencies:
      call-bound: 1.0.4
      has-bigints: 1.1.0
      has-symbols: 1.1.0
      which-boxed-primitive: 1.1.1

  undici-types@5.26.5: {}

  undici@8.2.0: {}

  uuid@14.0.0: {}

  which-boxed-primitive@1.1.1:
    dependencies:
      is-bigint: 1.1.0
      is-boolean-object: 1.2.2
      is-number-object: 1.1.1
      is-string: 1.1.1
      is-symbol: 1.1.1

  which-builtin-type@1.2.1:
    dependencies:
      call-bound: 1.0.4
      function.prototype.name: 1.1.8
      has-tostringtag: 1.0.2
      is-async-function: 2.1.1
      is-date-object: 1.1.0
      is-finalizationregistry: 1.1.1
      is-generator-function: 1.1.2
      is-regex: 1.2.1
      is-weakref: 1.1.1
      isarray: 2.0.5
      which-boxed-primitive: 1.1.1
      which-collection: 1.0.2
      which-typed-array: 1.1.19

  which-collection@1.0.2:
    dependencies:
      is-map: 2.0.3
      is-set: 2.0.3
      is-weakmap: 2.0.2
      is-weakset: 2.0.4

  which-typed-array@1.1.19:
    dependencies:
      available-typed-arrays: 1.0.7
      call-bind: 1.0.8
      call-bound: 1.0.4
      for-each: 0.3.5
      get-proto: 1.0.1
      gopd: 1.2.0
      has-tostringtag: 1.0.2

  ws@8.18.3: {}
